{
    "version": 3,
    "terraform_version": "0.7.13",
    "serial": 2,
    "lineage": "6ba78fab-ae2b-4685-b53c-82d64bb2bb09",
    "modules": [
        {
            "path": [
                "root"
            ],
            "outputs": {},
            "resources": {
                "google_compute_address.nginx-ip": {
                    "type": "google_compute_address",
                    "depends_on": [],
                    "primary": {
                        "id": "nginx-ip",
                        "attributes": {
                            "address": "35.187.81.127",
                            "id": "nginx-ip",
                            "name": "nginx-ip",
                            "self_link": "https://www.googleapis.com/compute/v1/projects/implementing-modern-devops/regions/europe-west1/addresses/nginx-ip"
                        },
                        "meta": {},
                        "tainted": false
                    },
                    "deposed": [],
                    "provider": ""
                },
                "google_compute_instance.nginx": {
                    "type": "google_compute_instance",
                    "depends_on": [
                        "google_compute_address.nginx-ip"
                    ],
                    "primary": {
                        "id": "nginx",
                        "attributes": {
                            "can_ip_forward": "false",
                            "disk.#": "1",
                            "disk.0.auto_delete": "true",
                            "disk.0.device_name": "",
                            "disk.0.disk": "",
                            "disk.0.image": "ubuntu-os-cloud/ubuntu-1704-zesty-v20170413",
                            "disk.0.scratch": "false",
                            "disk.0.size": "0",
                            "disk.0.type": "",
                            "id": "nginx",
                            "machine_type": "n1-standard-1",
                            "metadata.%": "0",
                            "metadata_fingerprint": "sYbTFyfmDck=",
                            "name": "nginx",
                            "network.#": "0",
                            "network_interface.#": "1",
                            "network_interface.0.access_config.#": "1",
                            "network_interface.0.access_config.0.assigned_nat_ip": "35.187.81.127",
                            "network_interface.0.access_config.0.nat_ip": "35.187.81.127",
                            "network_interface.0.address": "10.132.0.2",
                            "network_interface.0.name": "nic0",
                            "network_interface.0.network": "default",
                            "network_interface.0.subnetwork": "",
                            "self_link": "https://www.googleapis.com/compute/v1/projects/implementing-modern-devops/zones/europe-west1-b/instances/nginx",
                            "service_account.#": "0",
                            "tags_fingerprint": "42WmSpB8rSM=",
                            "zone": "europe-west1-b"
                        },
                        "meta": {
                            "schema_version": "2"
                        },
                        "tainted": false
                    },
                    "deposed": [],
                    "provider": ""
                }
            },
            "depends_on": []
        }
    ]
}
